
Microsoft Visual Studio Solution File, Format Version 12.00
# Visual Studio Version 18
VisualStudioVersion = 18.4.11620.152 stable
MinimumVisualStudioVersion = 10.0.40219.1
Project("{2150E333-8FDC-42A3-9474-1A3956D46DE8}") = "src", "src", "{2AA2D473-09AF-43DA-B86F-F48D7E17F85F}"
EndProject
Project("{FAE04EC0-301F-11D3-BF4B-00C04F79EFBC}") = "CadTool.Core", "src\CadTool.Core\CadTool.Core.csproj", "{6E575293-8039-4B2A-89B2-52D60259DA20}"
EndProject
Project("{FAE04EC0-301F-11D3-BF4B-00C04F79EFBC}") = "CadTool.Geometry", "src\CadTool.Geometry\CadTool.Geometry.csproj", "{AF0A6E8C-851D-4C81-8CB3-53D9D3AE8AEC}"
EndProject
Project("{FAE04EC0-301F-11D3-BF4B-00C04F79EFBC}") = "CadTool.Infrastructure", "src\CadTool.Infrastructure\CadTool.Infrastructure.csproj", "{3831A6BE-DED5-4ED2-A795-4B792F84F7F8}"
EndProject
Project("{2150E333-8FDC-42A3-9474-1A3956D46DE8}") = "tests", "tests", "{DC6BDE99-7B39-4B91-938D-EC7B636660FC}"
EndProject
Project("{FAE04EC0-301F-11D3-BF4B-00C04F79EFBC}") = "CadTool.Core.Tests", "tests\CadTool.Core.Tests\CadTool.Core.Tests.csproj", "{1C97B852-A5F1-4393-8790-08C1AEDDC1C9}"
EndProject
Project("{FAE04EC0-301F-11D3-BF4B-00C04F79EFBC}") = "CadTool.Geometry.Tests", "tests\CadTool.Geometry.Tests\CadTool.Geometry.Tests.csproj", "{4811EC48-A3DA-4E61-BF11-560E49936D0A}"
EndProject
Project("{2150E333-8FDC-42A3-9474-1A3956D46DE8}") = "Projektmappenelemente", "Projektmappenelemente", "{D19D52C5-A9E5-4755-A60F-0A93976CCE5F}"
	ProjectSection(SolutionItems) = preProject
		global.json = global.json
	EndProjectSection
EndProject
Global
	GlobalSection(SolutionConfigurationPlatforms) = preSolution
		Debug|Any CPU = Debug|Any CPU
		Release|Any CPU = Release|Any CPU
	EndGlobalSection
	GlobalSection(ProjectConfigurationPlatforms) = postSolution
		{6E575293-8039-4B2A-89B2-52D60259DA20}.Debug|Any CPU.ActiveCfg = Debug|Any CPU
		{6E575293-8039-4B2A-89B2-52D60259DA20}.Debug|Any CPU.Build.0 = Debug|Any CPU
		{6E575293-8039-4B2A-89B2-52D60259DA20}.Release|Any CPU.ActiveCfg = Release|Any CPU
		{6E575293-8039-4B2A-89B2-52D60259DA20}.Release|Any CPU.Build.0 = Release|Any CPU
		{AF0A6E8C-851D-4C81-8CB3-53D9D3AE8AEC}.Debug|Any CPU.ActiveCfg = Debug|Any CPU
		{AF0A6E8C-851D-4C81-8CB3-53D9D3AE8AEC}.Debug|Any CPU.Build.0 = Debug|Any CPU
		{AF0A6E8C-851D-4C81-8CB3-53D9D3AE8AEC}.Release|Any CPU.ActiveCfg = Release|Any CPU
		{AF0A6E8C-851D-4C81-8CB3-53D9D3AE8AEC}.Release|Any CPU.Build.0 = Release|Any CPU
		{3831A6BE-DED5-4ED2-A795-4B792F84F7F8}.Debug|Any CPU.ActiveCfg = Debug|Any CPU
		{3831A6BE-DED5-4ED2-A795-4B792F84F7F8}.Debug|Any CPU.Build.0 = Debug|Any CPU
		{3831A6BE-DED5-4ED2-A795-4B792F84F7F8}.Release|Any CPU.ActiveCfg = Release|Any CPU
		{3831A6BE-DED5-4ED2-A795-4B792F84F7F8}.Release|Any CPU.Build.0 = Release|Any CPU
		{1C97B852-A5F1-4393-8790-08C1AEDDC1C9}.Debug|Any CPU.ActiveCfg = Debug|Any CPU
		{1C97B852-A5F1-4393-8790-08C1AEDDC1C9}.Debug|Any CPU.Build.0 = Debug|Any CPU
		{1C97B852-A5F1-4393-8790-08C1AEDDC1C9}.Release|Any CPU.ActiveCfg = Release|Any CPU
		{1C97B852-A5F1-4393-8790-08C1AEDDC1C9}.Release|Any CPU.Build.0 = Release|Any CPU
		{4811EC48-A3DA-4E61-BF11-560E49936D0A}.Debug|Any CPU.ActiveCfg = Debug|Any CPU
		{4811EC48-A3DA-4E61-BF11-560E49936D0A}.Debug|Any CPU.Build.0 = Debug|Any CPU
		{4811EC48-A3DA-4E61-BF11-560E49936D0A}.Release|Any CPU.ActiveCfg = Release|Any CPU
		{4811EC48-A3DA-4E61-BF11-560E49936D0A}.Release|Any CPU.Build.0 = Release|Any CPU
	EndGlobalSection
	GlobalSection(SolutionProperties) = preSolution
		HideSolutionNode = FALSE
	EndGlobalSection
	GlobalSection(NestedProjects) = preSolution
		{6E575293-8039-4B2A-89B2-52D60259DA20} = {2AA2D473-09AF-43DA-B86F-F48D7E17F85F}
		{AF0A6E8C-851D-4C81-8CB3-53D9D3AE8AEC} = {2AA2D473-09AF-43DA-B86F-F48D7E17F85F}
		{3831A6BE-DED5-4ED2-A795-4B792F84F7F8} = {2AA2D473-09AF-43DA-B86F-F48D7E17F85F}
		{1C97B852-A5F1-4393-8790-08C1AEDDC1C9} = {DC6BDE99-7B39-4B91-938D-EC7B636660FC}
		{4811EC48-A3DA-4E61-BF11-560E49936D0A} = {DC6BDE99-7B39-4B91-938D-EC7B636660FC}
	EndGlobalSection
EndGlobal
